{
  "nodes": {
    "nixpkgs": {
      "locked": {
        "lastModified": 1726061960,
        "narHash": "sha256-nAInHdcENWTwiyvj5AVaEBIcw1d2Eiv1ks2X8zeWqU8=",
        "owner": "nixos",
        "repo": "nixpkgs",
        "rev": "4ed10b3ab32aac297bad5a19f2b39bcf9b250481",
        "type": "github"
      },
      "original": {
        "owner": "nixos",
        "repo": "nixpkgs",
        "type": "github"
      }
    },
    "root": {
      "inputs": {
        "nixpkgs": "nixpkgs"
      }
    }
  },
  "root": "root",
  "version": 7
}
